
Microsoft Visual Studio Solution File, Format Version 12.00
# Visual Studio 15
VisualStudioVersion = 15.0.27428.2015
MinimumVisualStudioVersion = 10.0.40219.1
Project("{FAE04EC0-301F-11D3-BF4B-00C04F79EFBC}") = "laba_4", "laba_4\laba_4.csproj", "{2C612110-6D2B-4255-9A56-94ACDF4F09D0}"
EndProject
Global
	GlobalSection(SolutionConfigurationPlatforms) = preSolution
		Debug|Any CPU = Debug|Any CPU
		Release|Any CPU = Release|Any CPU
	EndGlobalSection
	GlobalSection(ProjectConfigurationPlatforms) = postSolution
		{2C612110-6D2B-4255-9A56-94ACDF4F09D0}.Debug|Any CPU.ActiveCfg = Debug|Any CPU
		{2C612110-6D2B-4255-9A56-94ACDF4F09D0}.Debug|Any CPU.Build.0 = Debug|Any CPU
		{2C612110-6D2B-4255-9A56-94ACDF4F09D0}.Release|Any CPU.ActiveCfg = Release|Any CPU
		{2C612110-6D2B-4255-9A56-94ACDF4F09D0}.Release|Any CPU.Build.0 = Release|Any CPU
	EndGlobalSection
	GlobalSection(SolutionProperties) = preSolution
		HideSolutionNode = FALSE
	EndGlobalSection
	GlobalSection(ExtensibilityGlobals) = postSolution
		SolutionGuid = {0412CBCD-21D2-40E4-B62E-B4E1DA6D0D1A}
	EndGlobalSection
EndGlobal
