
Microsoft Visual Studio Solution File, Format Version 12.00
# Visual Studio 15
VisualStudioVersion = 15.0.27428.2015
MinimumVisualStudioVersion = 10.0.40219.1
Project("{FAE04EC0-301F-11D3-BF4B-00C04F79EFBC}") = "laba_6", "laba_6\laba_6.csproj", "{8B520D67-9A78-415D-8EC4-AE601E63235E}"
EndProject
Global
	GlobalSection(SolutionConfigurationPlatforms) = preSolution
		Debug|Any CPU = Debug|Any CPU
		Release|Any CPU = Release|Any CPU
	EndGlobalSection
	GlobalSection(ProjectConfigurationPlatforms) = postSolution
		{8B520D67-9A78-415D-8EC4-AE601E63235E}.Debug|Any CPU.ActiveCfg = Debug|Any CPU
		{8B520D67-9A78-415D-8EC4-AE601E63235E}.Debug|Any CPU.Build.0 = Debug|Any CPU
		{8B520D67-9A78-415D-8EC4-AE601E63235E}.Release|Any CPU.ActiveCfg = Release|Any CPU
		{8B520D67-9A78-415D-8EC4-AE601E63235E}.Release|Any CPU.Build.0 = Release|Any CPU
	EndGlobalSection
	GlobalSection(SolutionProperties) = preSolution
		HideSolutionNode = FALSE
	EndGlobalSection
	GlobalSection(ExtensibilityGlobals) = postSolution
		SolutionGuid = {565CE2AE-1A47-41EC-98D3-BCA302DAD74F}
	EndGlobalSection
EndGlobal
