
Microsoft Visual Studio Solution File, Format Version 12.00
# Visual Studio 15
VisualStudioVersion = 15.0.27428.2011
MinimumVisualStudioVersion = 10.0.40219.1
Project("{FAE04EC0-301F-11D3-BF4B-00C04F79EFBC}") = "laba_2_main", "laba_2_main\laba_2_main.csproj", "{010DCE8D-75AA-4F54-AFCA-CFFABA299864}"
EndProject
Global
	GlobalSection(SolutionConfigurationPlatforms) = preSolution
		Debug|Any CPU = Debug|Any CPU
		Release|Any CPU = Release|Any CPU
	EndGlobalSection
	GlobalSection(ProjectConfigurationPlatforms) = postSolution
		{010DCE8D-75AA-4F54-AFCA-CFFABA299864}.Debug|Any CPU.ActiveCfg = Debug|Any CPU
		{010DCE8D-75AA-4F54-AFCA-CFFABA299864}.Debug|Any CPU.Build.0 = Debug|Any CPU
		{010DCE8D-75AA-4F54-AFCA-CFFABA299864}.Release|Any CPU.ActiveCfg = Release|Any CPU
		{010DCE8D-75AA-4F54-AFCA-CFFABA299864}.Release|Any CPU.Build.0 = Release|Any CPU
	EndGlobalSection
	GlobalSection(SolutionProperties) = preSolution
		HideSolutionNode = FALSE
	EndGlobalSection
	GlobalSection(ExtensibilityGlobals) = postSolution
		SolutionGuid = {8DC61616-318F-45EF-856C-14FF2DDB37C5}
	EndGlobalSection
EndGlobal
